
Microsoft Visual Studio Solution File, Format Version 12.00
# Visual Studio 15
VisualStudioVersion = 15.0.27428.2037
MinimumVisualStudioVersion = 10.0.40219.1
Project("{FAE04EC0-301F-11D3-BF4B-00C04F79EFBC}") = "SalesTaxesUSTDD", "ConsoleApp1\SalesTaxesUSTDD.csproj", "{BA3A6EC2-C383-487F-AD26-1FC7858AAEB8}"
EndProject
Project("{FAE04EC0-301F-11D3-BF4B-00C04F79EFBC}") = "TestyJednostkowe", "TestyHednostkowe\TestyJednostkowe.csproj", "{F25C6FCC-3728-4C1F-BDA5-4A4B89F04EB9}"
EndProject
Global
	GlobalSection(SolutionConfigurationPlatforms) = preSolution
		Debug|Any CPU = Debug|Any CPU
		Release|Any CPU = Release|Any CPU
	EndGlobalSection
	GlobalSection(ProjectConfigurationPlatforms) = postSolution
		{BA3A6EC2-C383-487F-AD26-1FC7858AAEB8}.Debug|Any CPU.ActiveCfg = Debug|Any CPU
		{BA3A6EC2-C383-487F-AD26-1FC7858AAEB8}.Debug|Any CPU.Build.0 = Debug|Any CPU
		{BA3A6EC2-C383-487F-AD26-1FC7858AAEB8}.Release|Any CPU.ActiveCfg = Release|Any CPU
		{BA3A6EC2-C383-487F-AD26-1FC7858AAEB8}.Release|Any CPU.Build.0 = Release|Any CPU
		{F25C6FCC-3728-4C1F-BDA5-4A4B89F04EB9}.Debug|Any CPU.ActiveCfg = Debug|Any CPU
		{F25C6FCC-3728-4C1F-BDA5-4A4B89F04EB9}.Debug|Any CPU.Build.0 = Debug|Any CPU
		{F25C6FCC-3728-4C1F-BDA5-4A4B89F04EB9}.Release|Any CPU.ActiveCfg = Release|Any CPU
		{F25C6FCC-3728-4C1F-BDA5-4A4B89F04EB9}.Release|Any CPU.Build.0 = Release|Any CPU
	EndGlobalSection
	GlobalSection(SolutionProperties) = preSolution
		HideSolutionNode = FALSE
	EndGlobalSection
	GlobalSection(ExtensibilityGlobals) = postSolution
		SolutionGuid = {D4D9DD6F-9FCE-4289-B3E9-634A3F0E29B1}
	EndGlobalSection
EndGlobal
